
Microsoft Visual Studio Solution File, Format Version 12.00
# Visual Studio Version 17
VisualStudioVersion = 17.3.32901.215
MinimumVisualStudioVersion = 10.0.40219.1
Project("{FAE04EC0-301F-11D3-BF4B-00C04F79EFBC}") = "uygulamatakim", "uygulamatakim\uygulamatakim.csproj", "{CBD1C680-F0EE-4977-9965-19FB6D0A4264}"
EndProject
Global
	GlobalSection(SolutionConfigurationPlatforms) = preSolution
		Debug|Any CPU = Debug|Any CPU
		Release|Any CPU = Release|Any CPU
	EndGlobalSection
	GlobalSection(ProjectConfigurationPlatforms) = postSolution
		{CBD1C680-F0EE-4977-9965-19FB6D0A4264}.Debug|Any CPU.ActiveCfg = Debug|Any CPU
		{CBD1C680-F0EE-4977-9965-19FB6D0A4264}.Debug|Any CPU.Build.0 = Debug|Any CPU
		{CBD1C680-F0EE-4977-9965-19FB6D0A4264}.Release|Any CPU.ActiveCfg = Release|Any CPU
		{CBD1C680-F0EE-4977-9965-19FB6D0A4264}.Release|Any CPU.Build.0 = Release|Any CPU
	EndGlobalSection
	GlobalSection(SolutionProperties) = preSolution
		HideSolutionNode = FALSE
	EndGlobalSection
	GlobalSection(ExtensibilityGlobals) = postSolution
		SolutionGuid = {2B44C9F9-E9A3-4C8C-9254-783B5C7A03AB}
	EndGlobalSection
EndGlobal
